// !$*UTF8*$!
{
	archiveVersion = 1;
	classes = {
	};
	objectVersion = 56;
	objects = {

/* Begin PBXBuildFile section */
		1E3867F32CC87C2B0055B319 /* AppDelegate.swift in Sources */ = {isa = PBXBuildFile; fileRef = 1E3867F22CC87C2B0055B319 /* AppDelegate.swift */; };
		1E3867F52CC87C2B0055B319 /* SceneDelegate.swift in Sources */ = {isa = PBXBuildFile; fileRef = 1E3867F42CC87C2B0055B319 /* SceneDelegate.swift */; };
		1E3867F72CC87C2B0055B319 /* MainViewController.swift in Sources */ = {isa = PBXBuildFile; fileRef = 1E3867F62CC87C2B0055B319 /* MainViewController.swift */; };
		1E3867FA2CC87C2B0055B319 /* Main.storyboard in Resources */ = {isa = PBXBuildFile; fileRef = 1E3867F82CC87C2B0055B319 /* Main.storyboard */; };
		1E3867FC2CC87C2D0055B319 /* Assets.xcassets in Resources */ = {isa = PBXBuildFile; fileRef = 1E3867FB2CC87C2D0055B319 /* Assets.xcassets */; };
		1E3867FF2CC87C2D0055B319 /* LaunchScreen.storyboard in Resources */ = {isa = PBXBuildFile; fileRef = 1E3867FD2CC87C2D0055B319 /* LaunchScreen.storyboard */; };
		1E3868082CC87DE30055B319 /* MainInteractor.swift in Sources */ = {isa = PBXBuildFile; fileRef = 1E3868072CC87DE30055B319 /* MainInteractor.swift */; };
		1E38680A2CC87DEF0055B319 /* MainPresenter.swift in Sources */ = {isa = PBXBuildFile; fileRef = 1E3868092CC87DEF0055B319 /* MainPresenter.swift */; };
		1E38680C2CC87DF90055B319 /* MainEntity.swift in Sources */ = {isa = PBXBuildFile; fileRef = 1E38680B2CC87DF90055B319 /* MainEntity.swift */; };
		1E38680E2CC87E020055B319 /* MainRouter.swift in Sources */ = {isa = PBXBuildFile; fileRef = 1E38680D2CC87E020055B319 /* MainRouter.swift */; };
/* End PBXBuildFile section */

/* Begin PBXFileReference section */
		1E3867EF2CC87C2B0055B319 /* HeyBankTest.app */ = {isa = PBXFileReference; explicitFileType = wrapper.application; includeInIndex = 0; path = HeyBankTest.app; sourceTree = BUILT_PRODUCTS_DIR; };
		1E3867F22CC87C2B0055B319 /* AppDelegate.swift */ = {isa = PBXFileReference; lastKnownFileType = sourcecode.swift; path = AppDelegate.swift; sourceTree = "<group>"; };
		1E3867F42CC87C2B0055B319 /* SceneDelegate.swift */ = {isa = PBXFileReference; lastKnownFileType = sourcecode.swift; path = SceneDelegate.swift; sourceTree = "<group>"; };
		1E3867F62CC87C2B0055B319 /* MainViewController.swift */ = {isa = PBXFileReference; lastKnownFileType = sourcecode.swift; path = MainViewController.swift; sourceTree = "<group>"; };
		1E3867F92CC87C2B0055B319 /* Base */ = {isa = PBXFileReference; lastKnownFileType = file.storyboard; name = Base; path = Base.lproj/Main.storyboard; sourceTree = "<group>"; };
		1E3867FB2CC87C2D0055B319 /* Assets.xcassets */ = {isa = PBXFileReference; lastKnownFileType = folder.assetcatalog; path = Assets.xcassets; sourceTree = "<group>"; };
		1E3867FE2CC87C2D0055B319 /* Base */ = {isa = PBXFileReference; lastKnownFileType = file.storyboard; name = Base; path = Base.lproj/LaunchScreen.storyboard; sourceTree = "<group>"; };
		1E3868002CC87C2D0055B319 /* Info.plist */ = {isa = PBXFileReference; lastKnownFileType = text.plist.xml; path = Info.plist; sourceTree = "<group>"; };
		1E3868072CC87DE30055B319 /* MainInteractor.swift */ = {isa = PBXFileReference; lastKnownFileType = sourcecode.swift; path = MainInteractor.swift; sourceTree = "<group>"; };
		1E3868092CC87DEF0055B319 /* MainPresenter.swift */ = {isa = PBXFileReference; lastKnownFileType = sourcecode.swift; path = MainPresenter.swift; sourceTree = "<group>"; };
		1E38680B2CC87DF90055B319 /* MainEntity.swift */ = {isa = PBXFileReference; lastKnownFileType = sourcecode.swift; path = MainEntity.swift; sourceTree = "<group>"; };
		1E38680D2CC87E020055B319 /* MainRouter.swift */ = {isa = PBXFileReference; lastKnownFileType = sourcecode.swift; path = MainRouter.swift; sourceTree = "<group>"; };
/* End PBXFileReference section */

/* Begin PBXFrameworksBuildPhase section */
		1E3867EC2CC87C2B0055B319 /* Frameworks */ = {
			isa = PBXFrameworksBuildPhase;
			buildActionMask = 2147483647;
			files = (
			);
			runOnlyForDeploymentPostprocessing = 0;
		};
/* End PBXFrameworksBuildPhase section */

/* Begin PBXGroup section */
		1E3867E62CC87C2B0055B319 = {
			isa = PBXGroup;
			children = (
				1E3867F12CC87C2B0055B319 /* HeyBankTest */,
				1E3867F02CC87C2B0055B319 /* Products */,
			);
			sourceTree = "<group>";
		};
		1E3867F02CC87C2B0055B319 /* Products */ = {
			isa = PBXGroup;
			children = (
				1E3867EF2CC87C2B0055B319 /* HeyBankTest.app */,
			);
			name = Products;
			sourceTree = "<group>";
		};
		1E3867F12CC87C2B0055B319 /* HeyBankTest */ = {
			isa = PBXGroup;
			children = (
				1E3868062CC87DCB0055B319 /* Modules */,
				1E3867F22CC87C2B0055B319 /* AppDelegate.swift */,
				1E3867F42CC87C2B0055B319 /* SceneDelegate.swift */,
				1E3867F82CC87C2B0055B319 /* Main.storyboard */,
				1E3867FB2CC87C2D0055B319 /* Assets.xcassets */,
				1E3867FD2CC87C2D0055B319 /* LaunchScreen.storyboard */,
				1E3868002CC87C2D0055B319 /* Info.plist */,
			);
			path = HeyBankTest;
			sourceTree = "<group>";
		};
		1E3868062CC87DCB0055B319 /* Modules */ = {
			isa = PBXGroup;
			children = (
				1E3868072CC87DE30055B319 /* MainInteractor.swift */,
				1E3868092CC87DEF0055B319 /* MainPresenter.swift */,
				1E38680B2CC87DF90055B319 /* MainEntity.swift */,
				1E38680D2CC87E020055B319 /* MainRouter.swift */,
				1E3867F62CC87C2B0055B319 /* MainViewController.swift */,
			);
			path = Modules;
			sourceTree = "<group>";
		};
/* End PBXGroup section */

/* Begin PBXNativeTarget section */
		1E3867EE2CC87C2B0055B319 /* HeyBankTest */ = {
			isa = PBXNativeTarget;
			buildConfigurationList = 1E3868032CC87C2D0055B319 /* Build configuration list for PBXNativeTarget "HeyBankTest" */;
			buildPhases = (
				1E3867EB2CC87C2B0055B319 /* Sources */,
				1E3867EC2CC87C2B0055B319 /* Frameworks */,
				1E3867ED2CC87C2B0055B319 /* Resources */,
			);
			buildRules = (
			);
			dependencies = (
			);
			name = HeyBankTest;
			productName = HeyBankTest;
			productReference = 1E3867EF2CC87C2B0055B319 /* HeyBankTest.app */;
			productType = "com.apple.product-type.application";
		};
/* End PBXNativeTarget section */

/* Begin PBXProject section */
		1E3867E72CC87C2B0055B319 /* Project object */ = {
			isa = PBXProject;
			attributes = {
				BuildIndependentTargetsInParallel = 1;
				LastSwiftUpdateCheck = 1500;
				LastUpgradeCheck = 1500;
				TargetAttributes = {
					1E3867EE2CC87C2B0055B319 = {
						CreatedOnToolsVersion = 15.0;
					};
				};
			};
			buildConfigurationList = 1E3867EA2CC87C2B0055B319 /* Build configuration list for PBXProject "HeyBankTest" */;
			compatibilityVersion = "Xcode 14.0";
			developmentRegion = en;
			hasScannedForEncodings = 0;
			knownRegions = (
				en,
				Base,
			);
			mainGroup = 1E3867E62CC87C2B0055B319;
			productRefGroup = 1E3867F02CC87C2B0055B319 /* Products */;
			projectDirPath = "";
			projectRoot = "";
			targets = (
				1E3867EE2CC87C2B0055B319 /* HeyBankTest */,
			);
		};
/* End PBXProject section */

/* Begin PBXResourcesBuildPhase section */
		1E3867ED2CC87C2B0055B319 /* Resources */ = {
			isa = PBXResourcesBuildPhase;
			buildActionMask = 2147483647;
			files = (
				1E3867FF2CC87C2D0055B319 /* LaunchScreen.storyboard in Resources */,
				1E3867FC2CC87C2D0055B319 /* Assets.xcassets in Resources */,
				1E3867FA2CC87C2B0055B319 /* Main.storyboard in Resources */,
			);
			runOnlyForDeploymentPostprocessing = 0;
		};
/* End PBXResourcesBuildPhase section */

/* Begin PBXSourcesBuildPhase section */
		1E3867EB2CC87C2B0055B319 /* Sources */ = {
			isa = PBXSourcesBuildPhase;
			buildActionMask = 2147483647;
			files = (
				1E38680A2CC87DEF0055B319 /* MainPresenter.swift in Sources */,
				1E38680E2CC87E020055B319 /* MainRouter.swift in Sources */,
				1E3867F72CC87C2B0055B319 /* MainViewController.swift in Sources */,
				1E3867F32CC87C2B0055B319 /* AppDelegate.swift in Sources */,
				1E3867F52CC87C2B0055B319 /* SceneDelegate.swift in Sources */,
				1E3868082CC87DE30055B319 /* MainInteractor.swift in Sources */,
				1E38680C2CC87DF90055B319 /* MainEntity.swift in Sources */,
			);
			runOnlyForDeploymentPostprocessing = 0;
		};
/* End PBXSourcesBuildPhase section */

/* Begin PBXVariantGroup section */
		1E3867F82CC87C2B0055B319 /* Main.storyboard */ = {
			isa = PBXVariantGroup;
			children = (
				1E3867F92CC87C2B0055B319 /* Base */,
			);
			name = Main.storyboard;
			sourceTree = "<group>";
		};
		1E3867FD2CC87C2D0055B319 /* LaunchScreen.storyboard */ = {
			isa = PBXVariantGroup;
			children = (
				1E3867FE2CC87C2D0055B319 /* Base */,
			);
			name = LaunchScreen.storyboard;
			sourceTree = "<group>";
		};
/* End PBXVariantGroup section */

/* Begin XCBuildConfiguration section */
		1E3868012CC87C2D0055B319 /* Debug */ = {
			isa = XCBuildConfiguration;
			buildSettings = {
				ALWAYS_SEARCH_USER_PATHS = NO;
				ASSETCATALOG_COMPILER_GENERATE_SWIFT_ASSET_SYMBOL_EXTENSIONS = YES;
				CLANG_ANALYZER_NONNULL = YES;
				CLANG_ANALYZER_NUMBER_OBJECT_CONVERSION = YES_AGGRESSIVE;
				CLANG_CXX_LANGUAGE_STANDARD = "gnu++20";
				CLANG_ENABLE_MODULES = YES;
				CLANG_ENABLE_OBJC_ARC = YES;
				CLANG_ENABLE_OBJC_WEAK = YES;
				CLANG_WARN_BLOCK_CAPTURE_AUTORELEASING = YES;
				CLANG_WARN_BOOL_CONVERSION = YES;
				CLANG_WARN_COMMA = YES;
				CLANG_WARN_CONSTANT_CONVERSION = YES;
				CLANG_WARN_DEPRECATED_OBJC_IMPLEMENTATIONS = YES;
				CLANG_WARN_DIRECT_OBJC_ISA_USAGE = YES_ERROR;
				CLANG_WARN_DOCUMENTATION_COMMENTS = YES;
				CLANG_WARN_EMPTY_BODY = YES;
				CLANG_WARN_ENUM_CONVERSION = YES;
				CLANG_WARN_INFINITE_RECURSION = YES;
				CLANG_WARN_INT_CONVERSION = YES;
				CLANG_WARN_NON_LITERAL_NULL_CONVERSION = YES;
				CLANG_WARN_OBJC_IMPLICIT_RETAIN_SELF = YES;
				CLANG_WARN_OBJC_LITERAL_CONVERSION = YES;
				CLANG_WARN_OBJC_ROOT_CLASS = YES_ERROR;
				CLANG_WARN_QUOTED_INCLUDE_IN_FRAMEWORK_HEADER = YES;
				CLANG_WARN_RANGE_LOOP_ANALYSIS = YES;
				CLANG_WARN_STRICT_PROTOTYPES = YES;
				CLANG_WARN_SUSPICIOUS_MOVE = YES;
				CLANG_WARN_UNGUARDED_AVAILABILITY = YES_AGGRESSIVE;
				CLANG_WARN_UNREACHABLE_CODE = YES;
				CLANG_WARN__DUPLICATE_METHOD_MATCH = YES;
				COPY_PHASE_STRIP = NO;
				DEBUG_INFORMATION_FORMAT = dwarf;
				ENABLE_STRICT_OBJC_MSGSEND = YES;
				ENABLE_TESTABILITY = YES;
				ENABLE_USER_SCRIPT_SANDBOXING = YES;
				GCC_C_LANGUAGE_STANDARD = gnu17;
				GCC_DYNAMIC_NO_PIC = NO;
				GCC_NO_COMMON_BLOCKS = YES;
				GCC_OPTIMIZATION_LEVEL = 0;
				GCC_PREPROCESSOR_DEFINITIONS = (
					"DEBUG=1",
					"$(inherited)",
				);
				GCC_WARN_64_TO_32_BIT_CONVERSION = YES;
				GCC_WARN_ABOUT_RETURN_TYPE = YES_ERROR;
				GCC_WARN_UNDECLARED_SELECTOR = YES;
				GCC_WARN_UNINITIALIZED_AUTOS = YES_AGGRESSIVE;
				GCC_WARN_UNUSED_FUNCTION = YES;
				GCC_WARN_UNUSED_VARIABLE = YES;
				IPHONEOS_DEPLOYMENT_TARGET = 17.0;
				LOCALIZATION_PREFERS_STRING_CATALOGS = YES;
				MTL_ENABLE_DEBUG_INFO = INCLUDE_SOURCE;
				MTL_FAST_MATH = YES;
				ONLY_ACTIVE_ARCH = YES;
				SDKROOT = iphoneos;
				SWIFT_ACTIVE_COMPILATION_CONDITIONS = "DEBUG $(inherited)";
				SWIFT_OPTIMIZATION_LEVEL = "-Onone";
			};
			name = Debug;
		};
		1E3868022CC87C2D0055B319 /* Release */ = {
			isa = XCBuildConfiguration;
			buildSettings = {
				ALWAYS_SEARCH_USER_PATHS = NO;
				ASSETCATALOG_COMPILER_GENERATE_SWIFT_ASSET_SYMBOL_EXTENSIONS = YES;
				CLANG_ANALYZER_NONNULL = YES;
				CLANG_ANALYZER_NUMBER_OBJECT_CONVERSION = YES_AGGRESSIVE;
				CLANG_CXX_LANGUAGE_STANDARD = "gnu++20";
				CLANG_ENABLE_MODULES = YES;
				CLANG_ENABLE_OBJC_ARC = YES;
				CLANG_ENABLE_OBJC_WEAK = YES;
				CLANG_WARN_BLOCK_CAPTURE_AUTORELEASING = YES;
				CLANG_WARN_BOOL_CONVERSION = YES;
				CLANG_WARN_COMMA = YES;
				CLANG_WARN_CONSTANT_CONVERSION = YES;
				CLANG_WARN_DEPRECATED_OBJC_IMPLEMENTATIONS = YES;
				CLANG_WARN_DIRECT_OBJC_ISA_USAGE = YES_ERROR;
				CLANG_WARN_DOCUMENTATION_COMMENTS = YES;
				CLANG_WARN_EMPTY_BODY = YES;
				CLANG_WARN_ENUM_CONVERSION = YES;
				CLANG_WARN_INFINITE_RECURSION = YES;
				CLANG_WARN_INT_CONVERSION = YES;
				CLANG_WARN_NON_LITERAL_NULL_CONVERSION = YES;
				CLANG_WARN_OBJC_IMPLICIT_RETAIN_SELF = YES;
				CLANG_WARN_OBJC_LITERAL_CONVERSION = YES;
				CLANG_WARN_OBJC_ROOT_CLASS = YES_ERROR;
				CLANG_WARN_QUOTED_INCLUDE_IN_FRAMEWORK_HEADER = YES;
				CLANG_WARN_RANGE_LOOP_ANALYSIS = YES;
				CLANG_WARN_STRICT_PROTOTYPES = YES;
				CLANG_WARN_SUSPICIOUS_MOVE = YES;
				CLANG_WARN_UNGUARDED_AVAILABILITY = YES_AGGRESSIVE;
				CLANG_WARN_UNREACHABLE_CODE = YES;
				CLANG_WARN__DUPLICATE_METHOD_MATCH = YES;
				COPY_PHASE_STRIP = NO;
				DEBUG_INFORMATION_FORMAT = "dwarf-with-dsym";
				ENABLE_NS_ASSERTIONS = NO;
				ENABLE_STRICT_OBJC_MSGSEND = YES;
				ENABLE_USER_SCRIPT_SANDBOXING = YES;
				GCC_C_LANGUAGE_STANDARD = gnu17;
				GCC_NO_COMMON_BLOCKS = YES;
				GCC_WARN_64_TO_32_BIT_CONVERSION = YES;
				GCC_WARN_ABOUT_RETURN_TYPE = YES_ERROR;
				GCC_WARN_UNDECLARED_SELECTOR = YES;
				GCC_WARN_UNINITIALIZED_AUTOS = YES_AGGRESSIVE;
				GCC_WARN_UNUSED_FUNCTION = YES;
				GCC_WARN_UNUSED_VARIABLE = YES;
				IPHONEOS_DEPLOYMENT_TARGET = 17.0;
				LOCALIZATION_PREFERS_STRING_CATALOGS = YES;
				MTL_ENABLE_DEBUG_INFO = NO;
				MTL_FAST_MATH = YES;
				SDKROOT = iphoneos;
				SWIFT_COMPILATION_MODE = wholemodule;
				VALIDATE_PRODUCT = YES;
			};
			name = Release;
		};
		1E3868042CC87C2D0055B319 /* Debug */ = {
			isa = XCBuildConfiguration;
			buildSettings = {
				ASSETCATALOG_COMPILER_APPICON_NAME = AppIcon;
				ASSETCATALOG_COMPILER_GLOBAL_ACCENT_COLOR_NAME = AccentColor;
				CODE_SIGN_STYLE = Automatic;
				CURRENT_PROJECT_VERSION = 1;
				GENERATE_INFOPLIST_FILE = YES;
				INFOPLIST_FILE = HeyBankTest/Info.plist;
				INFOPLIST_KEY_UIApplicationSupportsIndirectInputEvents = YES;
				INFOPLIST_KEY_UILaunchStoryboardName = LaunchScreen;
				INFOPLIST_KEY_UIMainStoryboardFile = Main;
				INFOPLIST_KEY_UISupportedInterfaceOrientations_iPad = "UIInterfaceOrientationPortrait UIInterfaceOrientationPortraitUpsideDown UIInterfaceOrientationLandscapeLeft UIInterfaceOrientationLandscapeRight";
				INFOPLIST_KEY_UISupportedInterfaceOrientations_iPhone = "UIInterfaceOrientationPortrait UIInterfaceOrientationLandscapeLeft UIInterfaceOrientationLandscapeRight";
				LD_RUNPATH_SEARCH_PATHS = (
					"$(inherited)",
					"@executable_path/Frameworks",
				);
				MARKETING_VERSION = 1.0;
				PRODUCT_BUNDLE_IDENTIFIER = com.ameneses.HeyBankTest;
				PRODUCT_NAME = "$(TARGET_NAME)";
				SWIFT_EMIT_LOC_STRINGS = YES;
				SWIFT_VERSION = 5.0;
				TARGETED_DEVICE_FAMILY = "1,2";
			};
			name = Debug;
		};
		1E3868052CC87C2D0055B319 /* Release */ = {
			isa = XCBuildConfiguration;
			buildSettings = {
				ASSETCATALOG_COMPILER_APPICON_NAME = AppIcon;
				ASSETCATALOG_COMPILER_GLOBAL_ACCENT_COLOR_NAME = AccentColor;
				CODE_SIGN_STYLE = Automatic;
				CURRENT_PROJECT_VERSION = 1;
				GENERATE_INFOPLIST_FILE = YES;
				INFOPLIST_FILE = HeyBankTest/Info.plist;
				INFOPLIST_KEY_UIApplicationSupportsIndirectInputEvents = YES;
				INFOPLIST_KEY_UILaunchStoryboardName = LaunchScreen;
				INFOPLIST_KEY_UIMainStoryboardFile = Main;
				INFOPLIST_KEY_UISupportedInterfaceOrientations_iPad = "UIInterfaceOrientationPortrait UIInterfaceOrientationPortraitUpsideDown UIInterfaceOrientationLandscapeLeft UIInterfaceOrientationLandscapeRight";
				INFOPLIST_KEY_UISupportedInterfaceOrientations_iPhone = "UIInterfaceOrientationPortrait UIInterfaceOrientationLandscapeLeft UIInterfaceOrientationLandscapeRight";
				LD_RUNPATH_SEARCH_PATHS = (
					"$(inherited)",
					"@executable_path/Frameworks",
				);
				MARKETING_VERSION = 1.0;
				PRODUCT_BUNDLE_IDENTIFIER = com.ameneses.HeyBankTest;
				PRODUCT_NAME = "$(TARGET_NAME)";
				SWIFT_EMIT_LOC_STRINGS = YES;
				SWIFT_VERSION = 5.0;
				TARGETED_DEVICE_FAMILY = "1,2";
			};
			name = Release;
		};
/* End XCBuildConfiguration section */

/* Begin XCConfigurationList section */
		1E3867EA2CC87C2B0055B319 /* Build configuration list for PBXProject "HeyBankTest" */ = {
			isa = XCConfigurationList;
			buildConfigurations = (
				1E3868012CC87C2D0055B319 /* Debug */,
				1E3868022CC87C2D0055B319 /* Release */,
			);
			defaultConfigurationIsVisible = 0;
			defaultConfigurationName = Release;
		};
		1E3868032CC87C2D0055B319 /* Build configuration list for PBXNativeTarget "HeyBankTest" */ = {
			isa = XCConfigurationList;
			buildConfigurations = (
				1E3868042CC87C2D0055B319 /* Debug */,
				1E3868052CC87C2D0055B319 /* Release */,
			);
			defaultConfigurationIsVisible = 0;
			defaultConfigurationName = Release;
		};
/* End XCConfigurationList section */
	};
	rootObject = 1E3867E72CC87C2B0055B319 /* Project object */;
}
